// !$*UTF8*$!
{
	archiveVersion = 1;
	classes = {
	};
	objectVersion = 50;
	objects = {

/* Begin PBXBuildFile section */
		1D0846FD26A9397F00FC6AC4 /* Result.swift in Sources */ = {isa = PBXBuildFile; fileRef = 1D0846FC26A9397F00FC6AC4 /* Result.swift */; };
		1D08470526A9FA8F00FC6AC4 /* CollectionImgCell.swift in Sources */ = {isa = PBXBuildFile; fileRef = 1D08470426A9FA8F00FC6AC4 /* CollectionImgCell.swift */; };
		1D2C841826A5EE1E00B86AEA /* AppDelegate.swift in Sources */ = {isa = PBXBuildFile; fileRef = 1D2C841726A5EE1E00B86AEA /* AppDelegate.swift */; };
		1D2C841A26A5EE1E00B86AEA /* SceneDelegate.swift in Sources */ = {isa = PBXBuildFile; fileRef = 1D2C841926A5EE1E00B86AEA /* SceneDelegate.swift */; };
		1D2C841C26A5EE1E00B86AEA /* ViewController.swift in Sources */ = {isa = PBXBuildFile; fileRef = 1D2C841B26A5EE1E00B86AEA /* ViewController.swift */; };
		1D2C841F26A5EE1E00B86AEA /* Main.storyboard in Resources */ = {isa = PBXBuildFile; fileRef = 1D2C841D26A5EE1E00B86AEA /* Main.storyboard */; };
		1D2C842126A5EE2000B86AEA /* Assets.xcassets in Resources */ = {isa = PBXBuildFile; fileRef = 1D2C842026A5EE2000B86AEA /* Assets.xcassets */; };
		1D2C842426A5EE2000B86AEA /* LaunchScreen.storyboard in Resources */ = {isa = PBXBuildFile; fileRef = 1D2C842226A5EE2000B86AEA /* LaunchScreen.storyboard */; };
		1D2C842F26A5EE2000B86AEA /* UnsplashHomeworkTests.swift in Sources */ = {isa = PBXBuildFile; fileRef = 1D2C842E26A5EE2000B86AEA /* UnsplashHomeworkTests.swift */; };
		1D2C843A26A5EE2000B86AEA /* UnsplashHomeworkUITests.swift in Sources */ = {isa = PBXBuildFile; fileRef = 1D2C843926A5EE2000B86AEA /* UnsplashHomeworkUITests.swift */; };
		1D2C845126A5F34800B86AEA /* ConnectionMgr.swift in Sources */ = {isa = PBXBuildFile; fileRef = 1D2C845026A5F34800B86AEA /* ConnectionMgr.swift */; };
		1D2C845626A5F49900B86AEA /* Reachability.swift in Sources */ = {isa = PBXBuildFile; fileRef = 1D2C845526A5F49900B86AEA /* Reachability.swift */; };
		1D2C846F26A6707B00B86AEA /* 사진 앱 기능 in Resources */ = {isa = PBXBuildFile; fileRef = 1D2C846E26A6707B00B86AEA /* 사진 앱 기능 */; };
		1D763D3026AC0AEA00FD3BAB /* PicDetailViewcontroller.swift in Sources */ = {isa = PBXBuildFile; fileRef = 1D763D2F26AC0AEA00FD3BAB /* PicDetailViewcontroller.swift */; };
/* End PBXBuildFile section */

/* Begin PBXContainerItemProxy section */
		1D2C842B26A5EE2000B86AEA /* PBXContainerItemProxy */ = {
			isa = PBXContainerItemProxy;
			containerPortal = 1D2C840C26A5EE1E00B86AEA /* Project object */;
			proxyType = 1;
			remoteGlobalIDString = 1D2C841326A5EE1E00B86AEA;
			remoteInfo = UnsplashHomework;
		};
		1D2C843626A5EE2000B86AEA /* PBXContainerItemProxy */ = {
			isa = PBXContainerItemProxy;
			containerPortal = 1D2C840C26A5EE1E00B86AEA /* Project object */;
			proxyType = 1;
			remoteGlobalIDString = 1D2C841326A5EE1E00B86AEA;
			remoteInfo = UnsplashHomework;
		};
/* End PBXContainerItemProxy section */

/* Begin PBXFileReference section */
		1D0846FC26A9397F00FC6AC4 /* Result.swift */ = {isa = PBXFileReference; lastKnownFileType = sourcecode.swift; path = Result.swift; sourceTree = "<group>"; };
		1D08470426A9FA8F00FC6AC4 /* CollectionImgCell.swift */ = {isa = PBXFileReference; lastKnownFileType = sourcecode.swift; path = CollectionImgCell.swift; sourceTree = "<group>"; };
		1D2C841426A5EE1E00B86AEA /* UnsplashHomework.app */ = {isa = PBXFileReference; explicitFileType = wrapper.application; includeInIndex = 0; path = UnsplashHomework.app; sourceTree = BUILT_PRODUCTS_DIR; };
		1D2C841726A5EE1E00B86AEA /* AppDelegate.swift */ = {isa = PBXFileReference; lastKnownFileType = sourcecode.swift; path = AppDelegate.swift; sourceTree = "<group>"; };
		1D2C841926A5EE1E00B86AEA /* SceneDelegate.swift */ = {isa = PBXFileReference; lastKnownFileType = sourcecode.swift; path = SceneDelegate.swift; sourceTree = "<group>"; };
		1D2C841B26A5EE1E00B86AEA /* ViewController.swift */ = {isa = PBXFileReference; lastKnownFileType = sourcecode.swift; path = ViewController.swift; sourceTree = "<group>"; };
		1D2C841E26A5EE1E00B86AEA /* Base */ = {isa = PBXFileReference; lastKnownFileType = file.storyboard; name = Base; path = Base.lproj/Main.storyboard; sourceTree = "<group>"; };
		1D2C842026A5EE2000B86AEA /* Assets.xcassets */ = {isa = PBXFileReference; lastKnownFileType = folder.assetcatalog; path = Assets.xcassets; sourceTree = "<group>"; };
		1D2C842326A5EE2000B86AEA /* Base */ = {isa = PBXFileReference; lastKnownFileType = file.storyboard; name = Base; path = Base.lproj/LaunchScreen.storyboard; sourceTree = "<group>"; };
		1D2C842526A5EE2000B86AEA /* Info.plist */ = {isa = PBXFileReference; lastKnownFileType = text.plist.xml; path = Info.plist; sourceTree = "<group>"; };
		1D2C842A26A5EE2000B86AEA /* UnsplashHomeworkTests.xctest */ = {isa = PBXFileReference; explicitFileType = wrapper.cfbundle; includeInIndex = 0; path = UnsplashHomeworkTests.xctest; sourceTree = BUILT_PRODUCTS_DIR; };
		1D2C842E26A5EE2000B86AEA /* UnsplashHomeworkTests.swift */ = {isa = PBXFileReference; lastKnownFileType = sourcecode.swift; path = UnsplashHomeworkTests.swift; sourceTree = "<group>"; };
		1D2C843026A5EE2000B86AEA /* Info.plist */ = {isa = PBXFileReference; lastKnownFileType = text.plist.xml; path = Info.plist; sourceTree = "<group>"; };
		1D2C843526A5EE2000B86AEA /* UnsplashHomeworkUITests.xctest */ = {isa = PBXFileReference; explicitFileType = wrapper.cfbundle; includeInIndex = 0; path = UnsplashHomeworkUITests.xctest; sourceTree = BUILT_PRODUCTS_DIR; };
		1D2C843926A5EE2000B86AEA /* UnsplashHomeworkUITests.swift */ = {isa = PBXFileReference; lastKnownFileType = sourcecode.swift; path = UnsplashHomeworkUITests.swift; sourceTree = "<group>"; };
		1D2C843B26A5EE2000B86AEA /* Info.plist */ = {isa = PBXFileReference; lastKnownFileType = text.plist.xml; path = Info.plist; sourceTree = "<group>"; };
		1D2C845026A5F34800B86AEA /* ConnectionMgr.swift */ = {isa = PBXFileReference; fileEncoding = 4; lastKnownFileType = sourcecode.swift; path = ConnectionMgr.swift; sourceTree = "<group>"; };
		1D2C845526A5F49900B86AEA /* Reachability.swift */ = {isa = PBXFileReference; fileEncoding = 4; lastKnownFileType = sourcecode.swift; path = Reachability.swift; sourceTree = "<group>"; };
		1D2C846E26A6707B00B86AEA /* 사진 앱 기능 */ = {isa = PBXFileReference; fileEncoding = 4; lastKnownFileType = text; path = "사진 앱 기능"; sourceTree = "<group>"; };
		1D763D2F26AC0AEA00FD3BAB /* PicDetailViewcontroller.swift */ = {isa = PBXFileReference; lastKnownFileType = sourcecode.swift; path = PicDetailViewcontroller.swift; sourceTree = "<group>"; };
/* End PBXFileReference section */

/* Begin PBXFrameworksBuildPhase section */
		1D2C841126A5EE1E00B86AEA /* Frameworks */ = {
			isa = PBXFrameworksBuildPhase;
			buildActionMask = 2147483647;
			files = (
			);
			runOnlyForDeploymentPostprocessing = 0;
		};
		1D2C842726A5EE2000B86AEA /* Frameworks */ = {
			isa = PBXFrameworksBuildPhase;
			buildActionMask = 2147483647;
			files = (
			);
			runOnlyForDeploymentPostprocessing = 0;
		};
		1D2C843226A5EE2000B86AEA /* Frameworks */ = {
			isa = PBXFrameworksBuildPhase;
			buildActionMask = 2147483647;
			files = (
			);
			runOnlyForDeploymentPostprocessing = 0;
		};
/* End PBXFrameworksBuildPhase section */

/* Begin PBXGroup section */
		1D2C840B26A5EE1E00B86AEA = {
			isa = PBXGroup;
			children = (
				1D2C841626A5EE1E00B86AEA /* UnsplashHomework */,
				1D2C842D26A5EE2000B86AEA /* UnsplashHomeworkTests */,
				1D2C843826A5EE2000B86AEA /* UnsplashHomeworkUITests */,
				1D2C841526A5EE1E00B86AEA /* Products */,
			);
			sourceTree = "<group>";
		};
		1D2C841526A5EE1E00B86AEA /* Products */ = {
			isa = PBXGroup;
			children = (
				1D2C841426A5EE1E00B86AEA /* UnsplashHomework.app */,
				1D2C842A26A5EE2000B86AEA /* UnsplashHomeworkTests.xctest */,
				1D2C843526A5EE2000B86AEA /* UnsplashHomeworkUITests.xctest */,
			);
			name = Products;
			sourceTree = "<group>";
		};
		1D2C841626A5EE1E00B86AEA /* UnsplashHomework */ = {
			isa = PBXGroup;
			children = (
				1D2C846E26A6707B00B86AEA /* 사진 앱 기능 */,
				1D2C845526A5F49900B86AEA /* Reachability.swift */,
				1D2C845026A5F34800B86AEA /* ConnectionMgr.swift */,
				1D0846FC26A9397F00FC6AC4 /* Result.swift */,
				1D2C841726A5EE1E00B86AEA /* AppDelegate.swift */,
				1D2C841926A5EE1E00B86AEA /* SceneDelegate.swift */,
				1D2C841B26A5EE1E00B86AEA /* ViewController.swift */,
				1D763D2F26AC0AEA00FD3BAB /* PicDetailViewcontroller.swift */,
				1D2C841D26A5EE1E00B86AEA /* Main.storyboard */,
				1D2C842026A5EE2000B86AEA /* Assets.xcassets */,
				1D2C842226A5EE2000B86AEA /* LaunchScreen.storyboard */,
				1D2C842526A5EE2000B86AEA /* Info.plist */,
				1D08470426A9FA8F00FC6AC4 /* CollectionImgCell.swift */,
			);
			path = UnsplashHomework;
			sourceTree = "<group>";
		};
		1D2C842D26A5EE2000B86AEA /* UnsplashHomeworkTests */ = {
			isa = PBXGroup;
			children = (
				1D2C842E26A5EE2000B86AEA /* UnsplashHomeworkTests.swift */,
				1D2C843026A5EE2000B86AEA /* Info.plist */,
			);
			path = UnsplashHomeworkTests;
			sourceTree = "<group>";
		};
		1D2C843826A5EE2000B86AEA /* UnsplashHomeworkUITests */ = {
			isa = PBXGroup;
			children = (
				1D2C843926A5EE2000B86AEA /* UnsplashHomeworkUITests.swift */,
				1D2C843B26A5EE2000B86AEA /* Info.plist */,
			);
			path = UnsplashHomeworkUITests;
			sourceTree = "<group>";
		};
/* End PBXGroup section */

/* Begin PBXNativeTarget section */
		1D2C841326A5EE1E00B86AEA /* UnsplashHomework */ = {
			isa = PBXNativeTarget;
			buildConfigurationList = 1D2C843E26A5EE2000B86AEA /* Build configuration list for PBXNativeTarget "UnsplashHomework" */;
			buildPhases = (
				1D2C841026A5EE1E00B86AEA /* Sources */,
				1D2C841126A5EE1E00B86AEA /* Frameworks */,
				1D2C841226A5EE1E00B86AEA /* Resources */,
			);
			buildRules = (
			);
			dependencies = (
			);
			name = UnsplashHomework;
			productName = UnsplashHomework;
			productReference = 1D2C841426A5EE1E00B86AEA /* UnsplashHomework.app */;
			productType = "com.apple.product-type.application";
		};
		1D2C842926A5EE2000B86AEA /* UnsplashHomeworkTests */ = {
			isa = PBXNativeTarget;
			buildConfigurationList = 1D2C844126A5EE2000B86AEA /* Build configuration list for PBXNativeTarget "UnsplashHomeworkTests" */;
			buildPhases = (
				1D2C842626A5EE2000B86AEA /* Sources */,
				1D2C842726A5EE2000B86AEA /* Frameworks */,
				1D2C842826A5EE2000B86AEA /* Resources */,
			);
			buildRules = (
			);
			dependencies = (
				1D2C842C26A5EE2000B86AEA /* PBXTargetDependency */,
			);
			name = UnsplashHomeworkTests;
			productName = UnsplashHomeworkTests;
			productReference = 1D2C842A26A5EE2000B86AEA /* UnsplashHomeworkTests.xctest */;
			productType = "com.apple.product-type.bundle.unit-test";
		};
		1D2C843426A5EE2000B86AEA /* UnsplashHomeworkUITests */ = {
			isa = PBXNativeTarget;
			buildConfigurationList = 1D2C844426A5EE2000B86AEA /* Build configuration list for PBXNativeTarget "UnsplashHomeworkUITests" */;
			buildPhases = (
				1D2C843126A5EE2000B86AEA /* Sources */,
				1D2C843226A5EE2000B86AEA /* Frameworks */,
				1D2C843326A5EE2000B86AEA /* Resources */,
			);
			buildRules = (
			);
			dependencies = (
				1D2C843726A5EE2000B86AEA /* PBXTargetDependency */,
			);
			name = UnsplashHomeworkUITests;
			productName = UnsplashHomeworkUITests;
			productReference = 1D2C843526A5EE2000B86AEA /* UnsplashHomeworkUITests.xctest */;
			productType = "com.apple.product-type.bundle.ui-testing";
		};
/* End PBXNativeTarget section */

/* Begin PBXProject section */
		1D2C840C26A5EE1E00B86AEA /* Project object */ = {
			isa = PBXProject;
			attributes = {
				LastSwiftUpdateCheck = 1240;
				LastUpgradeCheck = 1240;
				TargetAttributes = {
					1D2C841326A5EE1E00B86AEA = {
						CreatedOnToolsVersion = 12.4;
					};
					1D2C842926A5EE2000B86AEA = {
						CreatedOnToolsVersion = 12.4;
						TestTargetID = 1D2C841326A5EE1E00B86AEA;
					};
					1D2C843426A5EE2000B86AEA = {
						CreatedOnToolsVersion = 12.4;
						TestTargetID = 1D2C841326A5EE1E00B86AEA;
					};
				};
			};
			buildConfigurationList = 1D2C840F26A5EE1E00B86AEA /* Build configuration list for PBXProject "UnsplashHomework" */;
			compatibilityVersion = "Xcode 9.3";
			developmentRegion = en;
			hasScannedForEncodings = 0;
			knownRegions = (
				en,
				Base,
			);
			mainGroup = 1D2C840B26A5EE1E00B86AEA;
			productRefGroup = 1D2C841526A5EE1E00B86AEA /* Products */;
			projectDirPath = "";
			projectRoot = "";
			targets = (
				1D2C841326A5EE1E00B86AEA /* UnsplashHomework */,
				1D2C842926A5EE2000B86AEA /* UnsplashHomeworkTests */,
				1D2C843426A5EE2000B86AEA /* UnsplashHomeworkUITests */,
			);
		};
/* End PBXProject section */

/* Begin PBXResourcesBuildPhase section */
		1D2C841226A5EE1E00B86AEA /* Resources */ = {
			isa = PBXResourcesBuildPhase;
			buildActionMask = 2147483647;
			files = (
				1D2C846F26A6707B00B86AEA /* 사진 앱 기능 in Resources */,
				1D2C842426A5EE2000B86AEA /* LaunchScreen.storyboard in Resources */,
				1D2C842126A5EE2000B86AEA /* Assets.xcassets in Resources */,
				1D2C841F26A5EE1E00B86AEA /* Main.storyboard in Resources */,
			);
			runOnlyForDeploymentPostprocessing = 0;
		};
		1D2C842826A5EE2000B86AEA /* Resources */ = {
			isa = PBXResourcesBuildPhase;
			buildActionMask = 2147483647;
			files = (
			);
			runOnlyForDeploymentPostprocessing = 0;
		};
		1D2C843326A5EE2000B86AEA /* Resources */ = {
			isa = PBXResourcesBuildPhase;
			buildActionMask = 2147483647;
			files = (
			);
			runOnlyForDeploymentPostprocessing = 0;
		};
/* End PBXResourcesBuildPhase section */

/* Begin PBXSourcesBuildPhase section */
		1D2C841026A5EE1E00B86AEA /* Sources */ = {
			isa = PBXSourcesBuildPhase;
			buildActionMask = 2147483647;
			files = (
				1D0846FD26A9397F00FC6AC4 /* Result.swift in Sources */,
				1D2C845126A5F34800B86AEA /* ConnectionMgr.swift in Sources */,
				1D08470526A9FA8F00FC6AC4 /* CollectionImgCell.swift in Sources */,
				1D763D3026AC0AEA00FD3BAB /* PicDetailViewcontroller.swift in Sources */,
				1D2C841C26A5EE1E00B86AEA /* ViewController.swift in Sources */,
				1D2C841826A5EE1E00B86AEA /* AppDelegate.swift in Sources */,
				1D2C845626A5F49900B86AEA /* Reachability.swift in Sources */,
				1D2C841A26A5EE1E00B86AEA /* SceneDelegate.swift in Sources */,
			);
			runOnlyForDeploymentPostprocessing = 0;
		};
		1D2C842626A5EE2000B86AEA /* Sources */ = {
			isa = PBXSourcesBuildPhase;
			buildActionMask = 2147483647;
			files = (
				1D2C842F26A5EE2000B86AEA /* UnsplashHomeworkTests.swift in Sources */,
			);
			runOnlyForDeploymentPostprocessing = 0;
		};
		1D2C843126A5EE2000B86AEA /* Sources */ = {
			isa = PBXSourcesBuildPhase;
			buildActionMask = 2147483647;
			files = (
				1D2C843A26A5EE2000B86AEA /* UnsplashHomeworkUITests.swift in Sources */,
			);
			runOnlyForDeploymentPostprocessing = 0;
		};
/* End PBXSourcesBuildPhase section */

/* Begin PBXTargetDependency section */
		1D2C842C26A5EE2000B86AEA /* PBXTargetDependency */ = {
			isa = PBXTargetDependency;
			target = 1D2C841326A5EE1E00B86AEA /* UnsplashHomework */;
			targetProxy = 1D2C842B26A5EE2000B86AEA /* PBXContainerItemProxy */;
		};
		1D2C843726A5EE2000B86AEA /* PBXTargetDependency */ = {
			isa = PBXTargetDependency;
			target = 1D2C841326A5EE1E00B86AEA /* UnsplashHomework */;
			targetProxy = 1D2C843626A5EE2000B86AEA /* PBXContainerItemProxy */;
		};
/* End PBXTargetDependency section */

/* Begin PBXVariantGroup section */
		1D2C841D26A5EE1E00B86AEA /* Main.storyboard */ = {
			isa = PBXVariantGroup;
			children = (
				1D2C841E26A5EE1E00B86AEA /* Base */,
			);
			name = Main.storyboard;
			sourceTree = "<group>";
		};
		1D2C842226A5EE2000B86AEA /* LaunchScreen.storyboard */ = {
			isa = PBXVariantGroup;
			children = (
				1D2C842326A5EE2000B86AEA /* Base */,
			);
			name = LaunchScreen.storyboard;
			sourceTree = "<group>";
		};
/* End PBXVariantGroup section */

/* Begin XCBuildConfiguration section */
		1D2C843C26A5EE2000B86AEA /* Debug */ = {
			isa = XCBuildConfiguration;
			buildSettings = {
				ALWAYS_SEARCH_USER_PATHS = NO;
				CLANG_ANALYZER_NONNULL = YES;
				CLANG_ANALYZER_NUMBER_OBJECT_CONVERSION = YES_AGGRESSIVE;
				CLANG_CXX_LANGUAGE_STANDARD = "gnu++14";
				CLANG_CXX_LIBRARY = "libc++";
				CLANG_ENABLE_MODULES = YES;
				CLANG_ENABLE_OBJC_ARC = YES;
				CLANG_ENABLE_OBJC_WEAK = YES;
				CLANG_WARN_BLOCK_CAPTURE_AUTORELEASING = YES;
				CLANG_WARN_BOOL_CONVERSION = YES;
				CLANG_WARN_COMMA = YES;
				CLANG_WARN_CONSTANT_CONVERSION = YES;
				CLANG_WARN_DEPRECATED_OBJC_IMPLEMENTATIONS = YES;
				CLANG_WARN_DIRECT_OBJC_ISA_USAGE = YES_ERROR;
				CLANG_WARN_DOCUMENTATION_COMMENTS = YES;
				CLANG_WARN_EMPTY_BODY = YES;
				CLANG_WARN_ENUM_CONVERSION = YES;
				CLANG_WARN_INFINITE_RECURSION = YES;
				CLANG_WARN_INT_CONVERSION = YES;
				CLANG_WARN_NON_LITERAL_NULL_CONVERSION = YES;
				CLANG_WARN_OBJC_IMPLICIT_RETAIN_SELF = YES;
				CLANG_WARN_OBJC_LITERAL_CONVERSION = YES;
				CLANG_WARN_OBJC_ROOT_CLASS = YES_ERROR;
				CLANG_WARN_QUOTED_INCLUDE_IN_FRAMEWORK_HEADER = YES;
				CLANG_WARN_RANGE_LOOP_ANALYSIS = YES;
				CLANG_WARN_STRICT_PROTOTYPES = YES;
				CLANG_WARN_SUSPICIOUS_MOVE = YES;
				CLANG_WARN_UNGUARDED_AVAILABILITY = YES_AGGRESSIVE;
				CLANG_WARN_UNREACHABLE_CODE = YES;
				CLANG_WARN__DUPLICATE_METHOD_MATCH = YES;
				COPY_PHASE_STRIP = NO;
				DEBUG_INFORMATION_FORMAT = dwarf;
				ENABLE_STRICT_OBJC_MSGSEND = YES;
				ENABLE_TESTABILITY = YES;
				GCC_C_LANGUAGE_STANDARD = gnu11;
				GCC_DYNAMIC_NO_PIC = NO;
				GCC_NO_COMMON_BLOCKS = YES;
				GCC_OPTIMIZATION_LEVEL = 0;
				GCC_PREPROCESSOR_DEFINITIONS = (
					"DEBUG=1",
					"$(inherited)",
				);
				GCC_WARN_64_TO_32_BIT_CONVERSION = YES;
				GCC_WARN_ABOUT_RETURN_TYPE = YES_ERROR;
				GCC_WARN_UNDECLARED_SELECTOR = YES;
				GCC_WARN_UNINITIALIZED_AUTOS = YES_AGGRESSIVE;
				GCC_WARN_UNUSED_FUNCTION = YES;
				GCC_WARN_UNUSED_VARIABLE = YES;
				IPHONEOS_DEPLOYMENT_TARGET = 14.4;
				MTL_ENABLE_DEBUG_INFO = INCLUDE_SOURCE;
				MTL_FAST_MATH = YES;
				ONLY_ACTIVE_ARCH = YES;
				SDKROOT = iphoneos;
				SWIFT_ACTIVE_COMPILATION_CONDITIONS = DEBUG;
				SWIFT_OPTIMIZATION_LEVEL = "-Onone";
			};
			name = Debug;
		};
		1D2C843D26A5EE2000B86AEA /* Release */ = {
			isa = XCBuildConfiguration;
			buildSettings = {
				ALWAYS_SEARCH_USER_PATHS = NO;
				CLANG_ANALYZER_NONNULL = YES;
				CLANG_ANALYZER_NUMBER_OBJECT_CONVERSION = YES_AGGRESSIVE;
				CLANG_CXX_LANGUAGE_STANDARD = "gnu++14";
				CLANG_CXX_LIBRARY = "libc++";
				CLANG_ENABLE_MODULES = YES;
				CLANG_ENABLE_OBJC_ARC = YES;
				CLANG_ENABLE_OBJC_WEAK = YES;
				CLANG_WARN_BLOCK_CAPTURE_AUTORELEASING = YES;
				CLANG_WARN_BOOL_CONVERSION = YES;
				CLANG_WARN_COMMA = YES;
				CLANG_WARN_CONSTANT_CONVERSION = YES;
				CLANG_WARN_DEPRECATED_OBJC_IMPLEMENTATIONS = YES;
				CLANG_WARN_DIRECT_OBJC_ISA_USAGE = YES_ERROR;
				CLANG_WARN_DOCUMENTATION_COMMENTS = YES;
				CLANG_WARN_EMPTY_BODY = YES;
				CLANG_WARN_ENUM_CONVERSION = YES;
				CLANG_WARN_INFINITE_RECURSION = YES;
				CLANG_WARN_INT_CONVERSION = YES;
				CLANG_WARN_NON_LITERAL_NULL_CONVERSION = YES;
				CLANG_WARN_OBJC_IMPLICIT_RETAIN_SELF = YES;
				CLANG_WARN_OBJC_LITERAL_CONVERSION = YES;
				CLANG_WARN_OBJC_ROOT_CLASS = YES_ERROR;
				CLANG_WARN_QUOTED_INCLUDE_IN_FRAMEWORK_HEADER = YES;
				CLANG_WARN_RANGE_LOOP_ANALYSIS = YES;
				CLANG_WARN_STRICT_PROTOTYPES = YES;
				CLANG_WARN_SUSPICIOUS_MOVE = YES;
				CLANG_WARN_UNGUARDED_AVAILABILITY = YES_AGGRESSIVE;
				CLANG_WARN_UNREACHABLE_CODE = YES;
				CLANG_WARN__DUPLICATE_METHOD_MATCH = YES;
				COPY_PHASE_STRIP = NO;
				DEBUG_INFORMATION_FORMAT = "dwarf-with-dsym";
				ENABLE_NS_ASSERTIONS = NO;
				ENABLE_STRICT_OBJC_MSGSEND = YES;
				GCC_C_LANGUAGE_STANDARD = gnu11;
				GCC_NO_COMMON_BLOCKS = YES;
				GCC_WARN_64_TO_32_BIT_CONVERSION = YES;
				GCC_WARN_ABOUT_RETURN_TYPE = YES_ERROR;
				GCC_WARN_UNDECLARED_SELECTOR = YES;
				GCC_WARN_UNINITIALIZED_AUTOS = YES_AGGRESSIVE;
				GCC_WARN_UNUSED_FUNCTION = YES;
				GCC_WARN_UNUSED_VARIABLE = YES;
				IPHONEOS_DEPLOYMENT_TARGET = 14.4;
				MTL_ENABLE_DEBUG_INFO = NO;
				MTL_FAST_MATH = YES;
				SDKROOT = iphoneos;
				SWIFT_COMPILATION_MODE = wholemodule;
				SWIFT_OPTIMIZATION_LEVEL = "-O";
				VALIDATE_PRODUCT = YES;
			};
			name = Release;
		};
		1D2C843F26A5EE2000B86AEA /* Debug */ = {
			isa = XCBuildConfiguration;
			buildSettings = {
				ASSETCATALOG_COMPILER_APPICON_NAME = AppIcon;
				ASSETCATALOG_COMPILER_GLOBAL_ACCENT_COLOR_NAME = AccentColor;
				CODE_SIGN_STYLE = Automatic;
				DEVELOPMENT_TEAM = GST3YQYWMR;
				INFOPLIST_FILE = UnsplashHomework/Info.plist;
				IPHONEOS_DEPLOYMENT_TARGET = 13.0;
				LD_RUNPATH_SEARCH_PATHS = (
					"$(inherited)",
					"@executable_path/Frameworks",
				);
				PRODUCT_BUNDLE_IDENTIFIER = com.Crow.UnsplashHomework;
				PRODUCT_NAME = "$(TARGET_NAME)";
				SWIFT_VERSION = 5.0;
				TARGETED_DEVICE_FAMILY = "1,2";
			};
			name = Debug;
		};
		1D2C844026A5EE2000B86AEA /* Release */ = {
			isa = XCBuildConfiguration;
			buildSettings = {
				ASSETCATALOG_COMPILER_APPICON_NAME = AppIcon;
				ASSETCATALOG_COMPILER_GLOBAL_ACCENT_COLOR_NAME = AccentColor;
				CODE_SIGN_STYLE = Automatic;
				DEVELOPMENT_TEAM = GST3YQYWMR;
				INFOPLIST_FILE = UnsplashHomework/Info.plist;
				IPHONEOS_DEPLOYMENT_TARGET = 13.0;
				LD_RUNPATH_SEARCH_PATHS = (
					"$(inherited)",
					"@executable_path/Frameworks",
				);
				PRODUCT_BUNDLE_IDENTIFIER = com.Crow.UnsplashHomework;
				PRODUCT_NAME = "$(TARGET_NAME)";
				SWIFT_VERSION = 5.0;
				TARGETED_DEVICE_FAMILY = "1,2";
			};
			name = Release;
		};
		1D2C844226A5EE2000B86AEA /* Debug */ = {
			isa = XCBuildConfiguration;
			buildSettings = {
				ALWAYS_EMBED_SWIFT_STANDARD_LIBRARIES = YES;
				BUNDLE_LOADER = "$(TEST_HOST)";
				CODE_SIGN_STYLE = Automatic;
				DEVELOPMENT_TEAM = GST3YQYWMR;
				INFOPLIST_FILE = UnsplashHomeworkTests/Info.plist;
				IPHONEOS_DEPLOYMENT_TARGET = 14.4;
				LD_RUNPATH_SEARCH_PATHS = (
					"$(inherited)",
					"@executable_path/Frameworks",
					"@loader_path/Frameworks",
				);
				PRODUCT_BUNDLE_IDENTIFIER = com.Crow.UnsplashHomeworkTests;
				PRODUCT_NAME = "$(TARGET_NAME)";
				SWIFT_VERSION = 5.0;
				TARGETED_DEVICE_FAMILY = "1,2";
				TEST_HOST = "$(BUILT_PRODUCTS_DIR)/UnsplashHomework.app/UnsplashHomework";
			};
			name = Debug;
		};
		1D2C844326A5EE2000B86AEA /* Release */ = {
			isa = XCBuildConfiguration;
			buildSettings = {
				ALWAYS_EMBED_SWIFT_STANDARD_LIBRARIES = YES;
				BUNDLE_LOADER = "$(TEST_HOST)";
				CODE_SIGN_STYLE = Automatic;
				DEVELOPMENT_TEAM = GST3YQYWMR;
				INFOPLIST_FILE = UnsplashHomeworkTests/Info.plist;
				IPHONEOS_DEPLOYMENT_TARGET = 14.4;
				LD_RUNPATH_SEARCH_PATHS = (
					"$(inherited)",
					"@executable_path/Frameworks",
					"@loader_path/Frameworks",
				);
				PRODUCT_BUNDLE_IDENTIFIER = com.Crow.UnsplashHomeworkTests;
				PRODUCT_NAME = "$(TARGET_NAME)";
				SWIFT_VERSION = 5.0;
				TARGETED_DEVICE_FAMILY = "1,2";
				TEST_HOST = "$(BUILT_PRODUCTS_DIR)/UnsplashHomework.app/UnsplashHomework";
			};
			name = Release;
		};
		1D2C844526A5EE2000B86AEA /* Debug */ = {
			isa = XCBuildConfiguration;
			buildSettings = {
				ALWAYS_EMBED_SWIFT_STANDARD_LIBRARIES = YES;
				CODE_SIGN_STYLE = Automatic;
				DEVELOPMENT_TEAM = GST3YQYWMR;
				INFOPLIST_FILE = UnsplashHomeworkUITests/Info.plist;
				LD_RUNPATH_SEARCH_PATHS = (
					"$(inherited)",
					"@executable_path/Frameworks",
					"@loader_path/Frameworks",
				);
				PRODUCT_BUNDLE_IDENTIFIER = com.Crow.UnsplashHomeworkUITests;
				PRODUCT_NAME = "$(TARGET_NAME)";
				SWIFT_VERSION = 5.0;
				TARGETED_DEVICE_FAMILY = "1,2";
				TEST_TARGET_NAME = UnsplashHomework;
			};
			name = Debug;
		};
		1D2C844626A5EE2000B86AEA /* Release */ = {
			isa = XCBuildConfiguration;
			buildSettings = {
				ALWAYS_EMBED_SWIFT_STANDARD_LIBRARIES = YES;
				CODE_SIGN_STYLE = Automatic;
				DEVELOPMENT_TEAM = GST3YQYWMR;
				INFOPLIST_FILE = UnsplashHomeworkUITests/Info.plist;
				LD_RUNPATH_SEARCH_PATHS = (
					"$(inherited)",
					"@executable_path/Frameworks",
					"@loader_path/Frameworks",
				);
				PRODUCT_BUNDLE_IDENTIFIER = com.Crow.UnsplashHomeworkUITests;
				PRODUCT_NAME = "$(TARGET_NAME)";
				SWIFT_VERSION = 5.0;
				TARGETED_DEVICE_FAMILY = "1,2";
				TEST_TARGET_NAME = UnsplashHomework;
			};
			name = Release;
		};
/* End XCBuildConfiguration section */

/* Begin XCConfigurationList section */
		1D2C840F26A5EE1E00B86AEA /* Build configuration list for PBXProject "UnsplashHomework" */ = {
			isa = XCConfigurationList;
			buildConfigurations = (
				1D2C843C26A5EE2000B86AEA /* Debug */,
				1D2C843D26A5EE2000B86AEA /* Release */,
			);
			defaultConfigurationIsVisible = 0;
			defaultConfigurationName = Release;
		};
		1D2C843E26A5EE2000B86AEA /* Build configuration list for PBXNativeTarget "UnsplashHomework" */ = {
			isa = XCConfigurationList;
			buildConfigurations = (
				1D2C843F26A5EE2000B86AEA /* Debug */,
				1D2C844026A5EE2000B86AEA /* Release */,
			);
			defaultConfigurationIsVisible = 0;
			defaultConfigurationName = Release;
		};
		1D2C844126A5EE2000B86AEA /* Build configuration list for PBXNativeTarget "UnsplashHomeworkTests" */ = {
			isa = XCConfigurationList;
			buildConfigurations = (
				1D2C844226A5EE2000B86AEA /* Debug */,
				1D2C844326A5EE2000B86AEA /* Release */,
			);
			defaultConfigurationIsVisible = 0;
			defaultConfigurationName = Release;
		};
		1D2C844426A5EE2000B86AEA /* Build configuration list for PBXNativeTarget "UnsplashHomeworkUITests" */ = {
			isa = XCConfigurationList;
			buildConfigurations = (
				1D2C844526A5EE2000B86AEA /* Debug */,
				1D2C844626A5EE2000B86AEA /* Release */,
			);
			defaultConfigurationIsVisible = 0;
			defaultConfigurationName = Release;
		};
/* End XCConfigurationList section */
	};
	rootObject = 1D2C840C26A5EE1E00B86AEA /* Project object */;
}
